
Microsoft Visual Studio Solution File, Format Version 12.00
# Visual Studio 15
Project("{FAE04EC0-301F-11D3-BF4B-00C04F79EFBC}") = "TestAssembly", "TestAssembly.csproj", "{57B856DB-BA43-9A04-EB61-C9F340ADE194}"
EndProject
Project("{FAE04EC0-301F-11D3-BF4B-00C04F79EFBC}") = "ProceduralToolkit", "ProceduralToolkit.csproj", "{84D98F9F-0B27-2035-F980-FBE56A8EE66E}"
EndProject
Project("{FAE04EC0-301F-11D3-BF4B-00C04F79EFBC}") = "LowPolyTerrain", "LowPolyTerrain.csproj", "{0E609A9B-5A5C-3484-1B40-72E31FA7A82A}"
EndProject
Project("{FAE04EC0-301F-11D3-BF4B-00C04F79EFBC}") = "ProceduralToolkit.Samples", "ProceduralToolkit.Samples.csproj", "{44D1C77B-16D9-3566-2693-868E63A5A513}"
EndProject
Project("{FAE04EC0-301F-11D3-BF4B-00C04F79EFBC}") = "Config", "Config.csproj", "{D8035A92-9622-3790-F6FE-9CEC5BA4467C}"
EndProject
Project("{FAE04EC0-301F-11D3-BF4B-00C04F79EFBC}") = "Enums", "Enums.csproj", "{D6203855-9430-02BE-DD31-671065C7472E}"
EndProject
Project("{FAE04EC0-301F-11D3-BF4B-00C04F79EFBC}") = "Grapher", "Grapher.csproj", "{1E4203AB-7F81-1C6A-C02E-D06CD9BD6DE4}"
EndProject
Project("{FAE04EC0-301F-11D3-BF4B-00C04F79EFBC}") = "PlayModeTests", "PlayModeTests.csproj", "{69BFD2E7-8608-FC16-B9CE-621A3BA15386}"
EndProject
Project("{FAE04EC0-301F-11D3-BF4B-00C04F79EFBC}") = "ProceduralToolkit.LibTessDotNet", "ProceduralToolkit.LibTessDotNet.csproj", "{351DE337-5674-FA51-EE7E-748702B77FC5}"
EndProject
Project("{FAE04EC0-301F-11D3-BF4B-00C04F79EFBC}") = "ProceduralToolkit.FastNoiseLib", "ProceduralToolkit.FastNoiseLib.csproj", "{F60FA557-4A30-B694-1F87-F224DD6ED463}"
EndProject
Project("{FAE04EC0-301F-11D3-BF4B-00C04F79EFBC}") = "ProceduralToolkit.ClipperLib", "ProceduralToolkit.ClipperLib.csproj", "{6A7A4159-A5AB-F496-85D9-1C5D94F1D6CF}"
EndProject
Project("{FAE04EC0-301F-11D3-BF4B-00C04F79EFBC}") = "ProceduralToolkit.Editor", "ProceduralToolkit.Editor.csproj", "{AF23C36D-B464-4862-07FE-CB5CBE9B4D2B}"
EndProject
Project("{FAE04EC0-301F-11D3-BF4B-00C04F79EFBC}") = "EditMode Tests", "EditMode Tests.csproj", "{5A7A288C-2183-5267-0A25-B4521F00E3D8}"
EndProject
Project("{FAE04EC0-301F-11D3-BF4B-00C04F79EFBC}") = "ProceduralToolkit.Samples.Buildings.Editor", "ProceduralToolkit.Samples.Buildings.Editor.csproj", "{B5266214-BBEB-6D5D-2DF6-09D4DBA444B5}"
EndProject
Project("{FAE04EC0-301F-11D3-BF4B-00C04F79EFBC}") = "ProceduralToolkit.Samples.Chairs.Editor", "ProceduralToolkit.Samples.Chairs.Editor.csproj", "{B4860750-250F-03ED-5E28-135D559BDE09}"
EndProject
Global
	GlobalSection(SolutionConfigurationPlatforms) = preSolution
		Debug|Any CPU = Debug|Any CPU
		Release|Any CPU = Release|Any CPU
	EndGlobalSection
	GlobalSection(ProjectConfigurationPlatforms) = postSolution
		{57B856DB-BA43-9A04-EB61-C9F340ADE194}.Debug|Any CPU.ActiveCfg = Debug|Any CPU
		{57B856DB-BA43-9A04-EB61-C9F340ADE194}.Debug|Any CPU.Build.0 = Debug|Any CPU
		{57B856DB-BA43-9A04-EB61-C9F340ADE194}.Release|Any CPU.ActiveCfg = Release|Any CPU
		{57B856DB-BA43-9A04-EB61-C9F340ADE194}.Release|Any CPU.Build.0 = Release|Any CPU
		{84D98F9F-0B27-2035-F980-FBE56A8EE66E}.Debug|Any CPU.ActiveCfg = Debug|Any CPU
		{84D98F9F-0B27-2035-F980-FBE56A8EE66E}.Debug|Any CPU.Build.0 = Debug|Any CPU
		{84D98F9F-0B27-2035-F980-FBE56A8EE66E}.Release|Any CPU.ActiveCfg = Release|Any CPU
		{84D98F9F-0B27-2035-F980-FBE56A8EE66E}.Release|Any CPU.Build.0 = Release|Any CPU
		{0E609A9B-5A5C-3484-1B40-72E31FA7A82A}.Debug|Any CPU.ActiveCfg = Debug|Any CPU
		{0E609A9B-5A5C-3484-1B40-72E31FA7A82A}.Debug|Any CPU.Build.0 = Debug|Any CPU
		{0E609A9B-5A5C-3484-1B40-72E31FA7A82A}.Release|Any CPU.ActiveCfg = Release|Any CPU
		{0E609A9B-5A5C-3484-1B40-72E31FA7A82A}.Release|Any CPU.Build.0 = Release|Any CPU
		{44D1C77B-16D9-3566-2693-868E63A5A513}.Debug|Any CPU.ActiveCfg = Debug|Any CPU
		{44D1C77B-16D9-3566-2693-868E63A5A513}.Debug|Any CPU.Build.0 = Debug|Any CPU
		{44D1C77B-16D9-3566-2693-868E63A5A513}.Release|Any CPU.ActiveCfg = Release|Any CPU
		{44D1C77B-16D9-3566-2693-868E63A5A513}.Release|Any CPU.Build.0 = Release|Any CPU
		{D8035A92-9622-3790-F6FE-9CEC5BA4467C}.Debug|Any CPU.ActiveCfg = Debug|Any CPU
		{D8035A92-9622-3790-F6FE-9CEC5BA4467C}.Debug|Any CPU.Build.0 = Debug|Any CPU
		{D8035A92-9622-3790-F6FE-9CEC5BA4467C}.Release|Any CPU.ActiveCfg = Release|Any CPU
		{D8035A92-9622-3790-F6FE-9CEC5BA4467C}.Release|Any CPU.Build.0 = Release|Any CPU
		{D6203855-9430-02BE-DD31-671065C7472E}.Debug|Any CPU.ActiveCfg = Debug|Any CPU
		{D6203855-9430-02BE-DD31-671065C7472E}.Debug|Any CPU.Build.0 = Debug|Any CPU
		{D6203855-9430-02BE-DD31-671065C7472E}.Release|Any CPU.ActiveCfg = Release|Any CPU
		{D6203855-9430-02BE-DD31-671065C7472E}.Release|Any CPU.Build.0 = Release|Any CPU
		{1E4203AB-7F81-1C6A-C02E-D06CD9BD6DE4}.Debug|Any CPU.ActiveCfg = Debug|Any CPU
		{1E4203AB-7F81-1C6A-C02E-D06CD9BD6DE4}.Debug|Any CPU.Build.0 = Debug|Any CPU
		{1E4203AB-7F81-1C6A-C02E-D06CD9BD6DE4}.Release|Any CPU.ActiveCfg = Release|Any CPU
		{1E4203AB-7F81-1C6A-C02E-D06CD9BD6DE4}.Release|Any CPU.Build.0 = Release|Any CPU
		{69BFD2E7-8608-FC16-B9CE-621A3BA15386}.Debug|Any CPU.ActiveCfg = Debug|Any CPU
		{69BFD2E7-8608-FC16-B9CE-621A3BA15386}.Debug|Any CPU.Build.0 = Debug|Any CPU
		{69BFD2E7-8608-FC16-B9CE-621A3BA15386}.Release|Any CPU.ActiveCfg = Release|Any CPU
		{69BFD2E7-8608-FC16-B9CE-621A3BA15386}.Release|Any CPU.Build.0 = Release|Any CPU
		{351DE337-5674-FA51-EE7E-748702B77FC5}.Debug|Any CPU.ActiveCfg = Debug|Any CPU
		{351DE337-5674-FA51-EE7E-748702B77FC5}.Debug|Any CPU.Build.0 = Debug|Any CPU
		{351DE337-5674-FA51-EE7E-748702B77FC5}.Release|Any CPU.ActiveCfg = Release|Any CPU
		{351DE337-5674-FA51-EE7E-748702B77FC5}.Release|Any CPU.Build.0 = Release|Any CPU
		{F60FA557-4A30-B694-1F87-F224DD6ED463}.Debug|Any CPU.ActiveCfg = Debug|Any CPU
		{F60FA557-4A30-B694-1F87-F224DD6ED463}.Debug|Any CPU.Build.0 = Debug|Any CPU
		{F60FA557-4A30-B694-1F87-F224DD6ED463}.Release|Any CPU.ActiveCfg = Release|Any CPU
		{F60FA557-4A30-B694-1F87-F224DD6ED463}.Release|Any CPU.Build.0 = Release|Any CPU
		{6A7A4159-A5AB-F496-85D9-1C5D94F1D6CF}.Debug|Any CPU.ActiveCfg = Debug|Any CPU
		{6A7A4159-A5AB-F496-85D9-1C5D94F1D6CF}.Debug|Any CPU.Build.0 = Debug|Any CPU
		{6A7A4159-A5AB-F496-85D9-1C5D94F1D6CF}.Release|Any CPU.ActiveCfg = Release|Any CPU
		{6A7A4159-A5AB-F496-85D9-1C5D94F1D6CF}.Release|Any CPU.Build.0 = Release|Any CPU
		{AF23C36D-B464-4862-07FE-CB5CBE9B4D2B}.Debug|Any CPU.ActiveCfg = Debug|Any CPU
		{AF23C36D-B464-4862-07FE-CB5CBE9B4D2B}.Debug|Any CPU.Build.0 = Debug|Any CPU
		{AF23C36D-B464-4862-07FE-CB5CBE9B4D2B}.Release|Any CPU.ActiveCfg = Release|Any CPU
		{AF23C36D-B464-4862-07FE-CB5CBE9B4D2B}.Release|Any CPU.Build.0 = Release|Any CPU
		{5A7A288C-2183-5267-0A25-B4521F00E3D8}.Debug|Any CPU.ActiveCfg = Debug|Any CPU
		{5A7A288C-2183-5267-0A25-B4521F00E3D8}.Debug|Any CPU.Build.0 = Debug|Any CPU
		{5A7A288C-2183-5267-0A25-B4521F00E3D8}.Release|Any CPU.ActiveCfg = Release|Any CPU
		{5A7A288C-2183-5267-0A25-B4521F00E3D8}.Release|Any CPU.Build.0 = Release|Any CPU
		{B5266214-BBEB-6D5D-2DF6-09D4DBA444B5}.Debug|Any CPU.ActiveCfg = Debug|Any CPU
		{B5266214-BBEB-6D5D-2DF6-09D4DBA444B5}.Debug|Any CPU.Build.0 = Debug|Any CPU
		{B5266214-BBEB-6D5D-2DF6-09D4DBA444B5}.Release|Any CPU.ActiveCfg = Release|Any CPU
		{B5266214-BBEB-6D5D-2DF6-09D4DBA444B5}.Release|Any CPU.Build.0 = Release|Any CPU
		{B4860750-250F-03ED-5E28-135D559BDE09}.Debug|Any CPU.ActiveCfg = Debug|Any CPU
		{B4860750-250F-03ED-5E28-135D559BDE09}.Debug|Any CPU.Build.0 = Debug|Any CPU
		{B4860750-250F-03ED-5E28-135D559BDE09}.Release|Any CPU.ActiveCfg = Release|Any CPU
		{B4860750-250F-03ED-5E28-135D559BDE09}.Release|Any CPU.Build.0 = Release|Any CPU
	EndGlobalSection
	GlobalSection(SolutionProperties) = preSolution
		HideSolutionNode = FALSE
	EndGlobalSection
EndGlobal
