
Microsoft Visual Studio Solution File, Format Version 12.00
# Visual Studio 15
Project("{FAE04EC0-301F-11D3-BF4B-00C04F79EFBC}") = "TestAssembly", "TestAssembly.csproj", "{57B856DB-BA43-9A04-EB61-C9F340ADE194}"
EndProject
Project("{FAE04EC0-301F-11D3-BF4B-00C04F79EFBC}") = "Unity.TextMeshPro", "Unity.TextMeshPro.csproj", "{72156C0A-434A-F7A2-58BB-FB3AA995B511}"
EndProject
Project("{FAE04EC0-301F-11D3-BF4B-00C04F79EFBC}") = "PlayModeTests", "PlayModeTests.csproj", "{69BFD2E7-8608-FC16-B9CE-621A3BA15386}"
EndProject
Project("{FAE04EC0-301F-11D3-BF4B-00C04F79EFBC}") = "Unity.TextMeshPro.Editor", "Unity.TextMeshPro.Editor.csproj", "{D8539291-3189-FF9C-F613-748E8DA4FEDB}"
EndProject
Project("{FAE04EC0-301F-11D3-BF4B-00C04F79EFBC}") = "Tests", "Tests.csproj", "{25CA3DCF-F32D-0DD5-98CE-BD3619C2E41E}"
EndProject
Global
	GlobalSection(SolutionConfigurationPlatforms) = preSolution
		Debug|Any CPU = Debug|Any CPU
		Release|Any CPU = Release|Any CPU
	EndGlobalSection
	GlobalSection(ProjectConfigurationPlatforms) = postSolution
		{57B856DB-BA43-9A04-EB61-C9F340ADE194}.Debug|Any CPU.ActiveCfg = Debug|Any CPU
		{57B856DB-BA43-9A04-EB61-C9F340ADE194}.Debug|Any CPU.Build.0 = Debug|Any CPU
		{57B856DB-BA43-9A04-EB61-C9F340ADE194}.Release|Any CPU.ActiveCfg = Release|Any CPU
		{57B856DB-BA43-9A04-EB61-C9F340ADE194}.Release|Any CPU.Build.0 = Release|Any CPU
		{72156C0A-434A-F7A2-58BB-FB3AA995B511}.Debug|Any CPU.ActiveCfg = Debug|Any CPU
		{72156C0A-434A-F7A2-58BB-FB3AA995B511}.Debug|Any CPU.Build.0 = Debug|Any CPU
		{72156C0A-434A-F7A2-58BB-FB3AA995B511}.Release|Any CPU.ActiveCfg = Release|Any CPU
		{72156C0A-434A-F7A2-58BB-FB3AA995B511}.Release|Any CPU.Build.0 = Release|Any CPU
		{69BFD2E7-8608-FC16-B9CE-621A3BA15386}.Debug|Any CPU.ActiveCfg = Debug|Any CPU
		{69BFD2E7-8608-FC16-B9CE-621A3BA15386}.Debug|Any CPU.Build.0 = Debug|Any CPU
		{69BFD2E7-8608-FC16-B9CE-621A3BA15386}.Release|Any CPU.ActiveCfg = Release|Any CPU
		{69BFD2E7-8608-FC16-B9CE-621A3BA15386}.Release|Any CPU.Build.0 = Release|Any CPU
		{D8539291-3189-FF9C-F613-748E8DA4FEDB}.Debug|Any CPU.ActiveCfg = Debug|Any CPU
		{D8539291-3189-FF9C-F613-748E8DA4FEDB}.Debug|Any CPU.Build.0 = Debug|Any CPU
		{D8539291-3189-FF9C-F613-748E8DA4FEDB}.Release|Any CPU.ActiveCfg = Release|Any CPU
		{D8539291-3189-FF9C-F613-748E8DA4FEDB}.Release|Any CPU.Build.0 = Release|Any CPU
		{25CA3DCF-F32D-0DD5-98CE-BD3619C2E41E}.Debug|Any CPU.ActiveCfg = Debug|Any CPU
		{25CA3DCF-F32D-0DD5-98CE-BD3619C2E41E}.Debug|Any CPU.Build.0 = Debug|Any CPU
		{25CA3DCF-F32D-0DD5-98CE-BD3619C2E41E}.Release|Any CPU.ActiveCfg = Release|Any CPU
		{25CA3DCF-F32D-0DD5-98CE-BD3619C2E41E}.Release|Any CPU.Build.0 = Release|Any CPU
	EndGlobalSection
	GlobalSection(SolutionProperties) = preSolution
		HideSolutionNode = FALSE
	EndGlobalSection
EndGlobal
